// !$*UTF8*$!
{
	archiveVersion = 1;
	classes = {
	};
	objectVersion = 55;
	objects = {

/* Begin PBXBuildFile section */
		0A6A4185276E66160032F416 /* AppDelegate.swift in Sources */ = {isa = PBXBuildFile; fileRef = 0A6A4184276E66160032F416 /* AppDelegate.swift */; };
		0A6A4187276E66160032F416 /* SceneDelegate.swift in Sources */ = {isa = PBXBuildFile; fileRef = 0A6A4186276E66160032F416 /* SceneDelegate.swift */; };
		0A6A4189276E66160032F416 /* ViewController.swift in Sources */ = {isa = PBXBuildFile; fileRef = 0A6A4188276E66160032F416 /* ViewController.swift */; };
		0A6A418C276E66160032F416 /* Main.storyboard in Resources */ = {isa = PBXBuildFile; fileRef = 0A6A418A276E66160032F416 /* Main.storyboard */; };
		0A6A418E276E66170032F416 /* Assets.xcassets in Resources */ = {isa = PBXBuildFile; fileRef = 0A6A418D276E66170032F416 /* Assets.xcassets */; };
		0A6A4191276E66170032F416 /* LaunchScreen.storyboard in Resources */ = {isa = PBXBuildFile; fileRef = 0A6A418F276E66170032F416 /* LaunchScreen.storyboard */; };
		0A6A419C276E66180032F416 /* NFTFeedTests.swift in Sources */ = {isa = PBXBuildFile; fileRef = 0A6A419B276E66180032F416 /* NFTFeedTests.swift */; };
		0A6A41A6276E66180032F416 /* NFTFeedUITests.swift in Sources */ = {isa = PBXBuildFile; fileRef = 0A6A41A5276E66180032F416 /* NFTFeedUITests.swift */; };
		0A6A41A8276E66180032F416 /* NFTFeedUITestsLaunchTests.swift in Sources */ = {isa = PBXBuildFile; fileRef = 0A6A41A7276E66180032F416 /* NFTFeedUITestsLaunchTests.swift */; };
/* End PBXBuildFile section */

/* Begin PBXContainerItemProxy section */
		0A6A4198276E66180032F416 /* PBXContainerItemProxy */ = {
			isa = PBXContainerItemProxy;
			containerPortal = 0A6A4179276E66160032F416 /* Project object */;
			proxyType = 1;
			remoteGlobalIDString = 0A6A4180276E66160032F416;
			remoteInfo = NFTFeed;
		};
		0A6A41A2276E66180032F416 /* PBXContainerItemProxy */ = {
			isa = PBXContainerItemProxy;
			containerPortal = 0A6A4179276E66160032F416 /* Project object */;
			proxyType = 1;
			remoteGlobalIDString = 0A6A4180276E66160032F416;
			remoteInfo = NFTFeed;
		};
/* End PBXContainerItemProxy section */

/* Begin PBXFileReference section */
		0A6A4181276E66160032F416 /* NFTFeed.app */ = {isa = PBXFileReference; explicitFileType = wrapper.application; includeInIndex = 0; path = NFTFeed.app; sourceTree = BUILT_PRODUCTS_DIR; };
		0A6A4184276E66160032F416 /* AppDelegate.swift */ = {isa = PBXFileReference; lastKnownFileType = sourcecode.swift; path = AppDelegate.swift; sourceTree = "<group>"; };
		0A6A4186276E66160032F416 /* SceneDelegate.swift */ = {isa = PBXFileReference; lastKnownFileType = sourcecode.swift; path = SceneDelegate.swift; sourceTree = "<group>"; };
		0A6A4188276E66160032F416 /* ViewController.swift */ = {isa = PBXFileReference; lastKnownFileType = sourcecode.swift; path = ViewController.swift; sourceTree = "<group>"; };
		0A6A418B276E66160032F416 /* Base */ = {isa = PBXFileReference; lastKnownFileType = file.storyboard; name = Base; path = Base.lproj/Main.storyboard; sourceTree = "<group>"; };
		0A6A418D276E66170032F416 /* Assets.xcassets */ = {isa = PBXFileReference; lastKnownFileType = folder.assetcatalog; path = Assets.xcassets; sourceTree = "<group>"; };
		0A6A4190276E66170032F416 /* Base */ = {isa = PBXFileReference; lastKnownFileType = file.storyboard; name = Base; path = Base.lproj/LaunchScreen.storyboard; sourceTree = "<group>"; };
		0A6A4192276E66170032F416 /* Info.plist */ = {isa = PBXFileReference; lastKnownFileType = text.plist.xml; path = Info.plist; sourceTree = "<group>"; };
		0A6A4197276E66180032F416 /* NFTFeedTests.xctest */ = {isa = PBXFileReference; explicitFileType = wrapper.cfbundle; includeInIndex = 0; path = NFTFeedTests.xctest; sourceTree = BUILT_PRODUCTS_DIR; };
		0A6A419B276E66180032F416 /* NFTFeedTests.swift */ = {isa = PBXFileReference; lastKnownFileType = sourcecode.swift; path = NFTFeedTests.swift; sourceTree = "<group>"; };
		0A6A41A1276E66180032F416 /* NFTFeedUITests.xctest */ = {isa = PBXFileReference; explicitFileType = wrapper.cfbundle; includeInIndex = 0; path = NFTFeedUITests.xctest; sourceTree = BUILT_PRODUCTS_DIR; };
		0A6A41A5276E66180032F416 /* NFTFeedUITests.swift */ = {isa = PBXFileReference; lastKnownFileType = sourcecode.swift; path = NFTFeedUITests.swift; sourceTree = "<group>"; };
		0A6A41A7276E66180032F416 /* NFTFeedUITestsLaunchTests.swift */ = {isa = PBXFileReference; lastKnownFileType = sourcecode.swift; path = NFTFeedUITestsLaunchTests.swift; sourceTree = "<group>"; };
/* End PBXFileReference section */

/* Begin PBXFrameworksBuildPhase section */
		0A6A417E276E66160032F416 /* Frameworks */ = {
			isa = PBXFrameworksBuildPhase;
			buildActionMask = 2147483647;
			files = (
			);
			runOnlyForDeploymentPostprocessing = 0;
		};
		0A6A4194276E66180032F416 /* Frameworks */ = {
			isa = PBXFrameworksBuildPhase;
			buildActionMask = 2147483647;
			files = (
			);
			runOnlyForDeploymentPostprocessing = 0;
		};
		0A6A419E276E66180032F416 /* Frameworks */ = {
			isa = PBXFrameworksBuildPhase;
			buildActionMask = 2147483647;
			files = (
			);
			runOnlyForDeploymentPostprocessing = 0;
		};
/* End PBXFrameworksBuildPhase section */

/* Begin PBXGroup section */
		0A6A4178276E66160032F416 = {
			isa = PBXGroup;
			children = (
				0A6A4183276E66160032F416 /* NFTFeed */,
				0A6A419A276E66180032F416 /* NFTFeedTests */,
				0A6A41A4276E66180032F416 /* NFTFeedUITests */,
				0A6A4182276E66160032F416 /* Products */,
			);
			sourceTree = "<group>";
		};
		0A6A4182276E66160032F416 /* Products */ = {
			isa = PBXGroup;
			children = (
				0A6A4181276E66160032F416 /* NFTFeed.app */,
				0A6A4197276E66180032F416 /* NFTFeedTests.xctest */,
				0A6A41A1276E66180032F416 /* NFTFeedUITests.xctest */,
			);
			name = Products;
			sourceTree = "<group>";
		};
		0A6A4183276E66160032F416 /* NFTFeed */ = {
			isa = PBXGroup;
			children = (
				0A6A4184276E66160032F416 /* AppDelegate.swift */,
				0A6A4186276E66160032F416 /* SceneDelegate.swift */,
				0A6A4188276E66160032F416 /* ViewController.swift */,
				0A6A418A276E66160032F416 /* Main.storyboard */,
				0A6A418D276E66170032F416 /* Assets.xcassets */,
				0A6A418F276E66170032F416 /* LaunchScreen.storyboard */,
				0A6A4192276E66170032F416 /* Info.plist */,
			);
			path = NFTFeed;
			sourceTree = "<group>";
		};
		0A6A419A276E66180032F416 /* NFTFeedTests */ = {
			isa = PBXGroup;
			children = (
				0A6A419B276E66180032F416 /* NFTFeedTests.swift */,
			);
			path = NFTFeedTests;
			sourceTree = "<group>";
		};
		0A6A41A4276E66180032F416 /* NFTFeedUITests */ = {
			isa = PBXGroup;
			children = (
				0A6A41A5276E66180032F416 /* NFTFeedUITests.swift */,
				0A6A41A7276E66180032F416 /* NFTFeedUITestsLaunchTests.swift */,
			);
			path = NFTFeedUITests;
			sourceTree = "<group>";
		};
/* End PBXGroup section */

/* Begin PBXNativeTarget section */
		0A6A4180276E66160032F416 /* NFTFeed */ = {
			isa = PBXNativeTarget;
			buildConfigurationList = 0A6A41AB276E66180032F416 /* Build configuration list for PBXNativeTarget "NFTFeed" */;
			buildPhases = (
				0A6A417D276E66160032F416 /* Sources */,
				0A6A417E276E66160032F416 /* Frameworks */,
				0A6A417F276E66160032F416 /* Resources */,
			);
			buildRules = (
			);
			dependencies = (
			);
			name = NFTFeed;
			productName = NFTFeed;
			productReference = 0A6A4181276E66160032F416 /* NFTFeed.app */;
			productType = "com.apple.product-type.application";
		};
		0A6A4196276E66180032F416 /* NFTFeedTests */ = {
			isa = PBXNativeTarget;
			buildConfigurationList = 0A6A41AE276E66180032F416 /* Build configuration list for PBXNativeTarget "NFTFeedTests" */;
			buildPhases = (
				0A6A4193276E66180032F416 /* Sources */,
				0A6A4194276E66180032F416 /* Frameworks */,
				0A6A4195276E66180032F416 /* Resources */,
			);
			buildRules = (
			);
			dependencies = (
				0A6A4199276E66180032F416 /* PBXTargetDependency */,
			);
			name = NFTFeedTests;
			productName = NFTFeedTests;
			productReference = 0A6A4197276E66180032F416 /* NFTFeedTests.xctest */;
			productType = "com.apple.product-type.bundle.unit-test";
		};
		0A6A41A0276E66180032F416 /* NFTFeedUITests */ = {
			isa = PBXNativeTarget;
			buildConfigurationList = 0A6A41B1276E66180032F416 /* Build configuration list for PBXNativeTarget "NFTFeedUITests" */;
			buildPhases = (
				0A6A419D276E66180032F416 /* Sources */,
				0A6A419E276E66180032F416 /* Frameworks */,
				0A6A419F276E66180032F416 /* Resources */,
			);
			buildRules = (
			);
			dependencies = (
				0A6A41A3276E66180032F416 /* PBXTargetDependency */,
			);
			name = NFTFeedUITests;
			productName = NFTFeedUITests;
			productReference = 0A6A41A1276E66180032F416 /* NFTFeedUITests.xctest */;
			productType = "com.apple.product-type.bundle.ui-testing";
		};
/* End PBXNativeTarget section */

/* Begin PBXProject section */
		0A6A4179276E66160032F416 /* Project object */ = {
			isa = PBXProject;
			attributes = {
				BuildIndependentTargetsInParallel = 1;
				LastSwiftUpdateCheck = 1320;
				LastUpgradeCheck = 1320;
				TargetAttributes = {
					0A6A4180276E66160032F416 = {
						CreatedOnToolsVersion = 13.2;
					};
					0A6A4196276E66180032F416 = {
						CreatedOnToolsVersion = 13.2;
						TestTargetID = 0A6A4180276E66160032F416;
					};
					0A6A41A0276E66180032F416 = {
						CreatedOnToolsVersion = 13.2;
						TestTargetID = 0A6A4180276E66160032F416;
					};
				};
			};
			buildConfigurationList = 0A6A417C276E66160032F416 /* Build configuration list for PBXProject "NFTFeed" */;
			compatibilityVersion = "Xcode 13.0";
			developmentRegion = en;
			hasScannedForEncodings = 0;
			knownRegions = (
				en,
				Base,
			);
			mainGroup = 0A6A4178276E66160032F416;
			productRefGroup = 0A6A4182276E66160032F416 /* Products */;
			projectDirPath = "";
			projectRoot = "";
			targets = (
				0A6A4180276E66160032F416 /* NFTFeed */,
				0A6A4196276E66180032F416 /* NFTFeedTests */,
				0A6A41A0276E66180032F416 /* NFTFeedUITests */,
			);
		};
/* End PBXProject section */

/* Begin PBXResourcesBuildPhase section */
		0A6A417F276E66160032F416 /* Resources */ = {
			isa = PBXResourcesBuildPhase;
			buildActionMask = 2147483647;
			files = (
				0A6A4191276E66170032F416 /* LaunchScreen.storyboard in Resources */,
				0A6A418E276E66170032F416 /* Assets.xcassets in Resources */,
				0A6A418C276E66160032F416 /* Main.storyboard in Resources */,
			);
			runOnlyForDeploymentPostprocessing = 0;
		};
		0A6A4195276E66180032F416 /* Resources */ = {
			isa = PBXResourcesBuildPhase;
			buildActionMask = 2147483647;
			files = (
			);
			runOnlyForDeploymentPostprocessing = 0;
		};
		0A6A419F276E66180032F416 /* Resources */ = {
			isa = PBXResourcesBuildPhase;
			buildActionMask = 2147483647;
			files = (
			);
			runOnlyForDeploymentPostprocessing = 0;
		};
/* End PBXResourcesBuildPhase section */

/* Begin PBXSourcesBuildPhase section */
		0A6A417D276E66160032F416 /* Sources */ = {
			isa = PBXSourcesBuildPhase;
			buildActionMask = 2147483647;
			files = (
				0A6A4189276E66160032F416 /* ViewController.swift in Sources */,
				0A6A4185276E66160032F416 /* AppDelegate.swift in Sources */,
				0A6A4187276E66160032F416 /* SceneDelegate.swift in Sources */,
			);
			runOnlyForDeploymentPostprocessing = 0;
		};
		0A6A4193276E66180032F416 /* Sources */ = {
			isa = PBXSourcesBuildPhase;
			buildActionMask = 2147483647;
			files = (
				0A6A419C276E66180032F416 /* NFTFeedTests.swift in Sources */,
			);
			runOnlyForDeploymentPostprocessing = 0;
		};
		0A6A419D276E66180032F416 /* Sources */ = {
			isa = PBXSourcesBuildPhase;
			buildActionMask = 2147483647;
			files = (
				0A6A41A6276E66180032F416 /* NFTFeedUITests.swift in Sources */,
				0A6A41A8276E66180032F416 /* NFTFeedUITestsLaunchTests.swift in Sources */,
			);
			runOnlyForDeploymentPostprocessing = 0;
		};
/* End PBXSourcesBuildPhase section */

/* Begin PBXTargetDependency section */
		0A6A4199276E66180032F416 /* PBXTargetDependency */ = {
			isa = PBXTargetDependency;
			target = 0A6A4180276E66160032F416 /* NFTFeed */;
			targetProxy = 0A6A4198276E66180032F416 /* PBXContainerItemProxy */;
		};
		0A6A41A3276E66180032F416 /* PBXTargetDependency */ = {
			isa = PBXTargetDependency;
			target = 0A6A4180276E66160032F416 /* NFTFeed */;
			targetProxy = 0A6A41A2276E66180032F416 /* PBXContainerItemProxy */;
		};
/* End PBXTargetDependency section */

/* Begin PBXVariantGroup section */
		0A6A418A276E66160032F416 /* Main.storyboard */ = {
			isa = PBXVariantGroup;
			children = (
				0A6A418B276E66160032F416 /* Base */,
			);
			name = Main.storyboard;
			sourceTree = "<group>";
		};
		0A6A418F276E66170032F416 /* LaunchScreen.storyboard */ = {
			isa = PBXVariantGroup;
			children = (
				0A6A4190276E66170032F416 /* Base */,
			);
			name = LaunchScreen.storyboard;
			sourceTree = "<group>";
		};
/* End PBXVariantGroup section */

/* Begin XCBuildConfiguration section */
		0A6A41A9276E66180032F416 /* Debug */ = {
			isa = XCBuildConfiguration;
			buildSettings = {
				ALWAYS_SEARCH_USER_PATHS = NO;
				CLANG_ANALYZER_NONNULL = YES;
				CLANG_ANALYZER_NUMBER_OBJECT_CONVERSION = YES_AGGRESSIVE;
				CLANG_CXX_LANGUAGE_STANDARD = "gnu++17";
				CLANG_CXX_LIBRARY = "libc++";
				CLANG_ENABLE_MODULES = YES;
				CLANG_ENABLE_OBJC_ARC = YES;
				CLANG_ENABLE_OBJC_WEAK = YES;
				CLANG_WARN_BLOCK_CAPTURE_AUTORELEASING = YES;
				CLANG_WARN_BOOL_CONVERSION = YES;
				CLANG_WARN_COMMA = YES;
				CLANG_WARN_CONSTANT_CONVERSION = YES;
				CLANG_WARN_DEPRECATED_OBJC_IMPLEMENTATIONS = YES;
				CLANG_WARN_DIRECT_OBJC_ISA_USAGE = YES_ERROR;
				CLANG_WARN_DOCUMENTATION_COMMENTS = YES;
				CLANG_WARN_EMPTY_BODY = YES;
				CLANG_WARN_ENUM_CONVERSION = YES;
				CLANG_WARN_INFINITE_RECURSION = YES;
				CLANG_WARN_INT_CONVERSION = YES;
				CLANG_WARN_NON_LITERAL_NULL_CONVERSION = YES;
				CLANG_WARN_OBJC_IMPLICIT_RETAIN_SELF = YES;
				CLANG_WARN_OBJC_LITERAL_CONVERSION = YES;
				CLANG_WARN_OBJC_ROOT_CLASS = YES_ERROR;
				CLANG_WARN_QUOTED_INCLUDE_IN_FRAMEWORK_HEADER = YES;
				CLANG_WARN_RANGE_LOOP_ANALYSIS = YES;
				CLANG_WARN_STRICT_PROTOTYPES = YES;
				CLANG_WARN_SUSPICIOUS_MOVE = YES;
				CLANG_WARN_UNGUARDED_AVAILABILITY = YES_AGGRESSIVE;
				CLANG_WARN_UNREACHABLE_CODE = YES;
				CLANG_WARN__DUPLICATE_METHOD_MATCH = YES;
				COPY_PHASE_STRIP = NO;
				DEBUG_INFORMATION_FORMAT = dwarf;
				ENABLE_STRICT_OBJC_MSGSEND = YES;
				ENABLE_TESTABILITY = YES;
				GCC_C_LANGUAGE_STANDARD = gnu11;
				GCC_DYNAMIC_NO_PIC = NO;
				GCC_NO_COMMON_BLOCKS = YES;
				GCC_OPTIMIZATION_LEVEL = 0;
				GCC_PREPROCESSOR_DEFINITIONS = (
					"DEBUG=1",
					"$(inherited)",
				);
				GCC_WARN_64_TO_32_BIT_CONVERSION = YES;
				GCC_WARN_ABOUT_RETURN_TYPE = YES_ERROR;
				GCC_WARN_UNDECLARED_SELECTOR = YES;
				GCC_WARN_UNINITIALIZED_AUTOS = YES_AGGRESSIVE;
				GCC_WARN_UNUSED_FUNCTION = YES;
				GCC_WARN_UNUSED_VARIABLE = YES;
				IPHONEOS_DEPLOYMENT_TARGET = 15.2;
				MTL_ENABLE_DEBUG_INFO = INCLUDE_SOURCE;
				MTL_FAST_MATH = YES;
				ONLY_ACTIVE_ARCH = YES;
				SDKROOT = iphoneos;
				SWIFT_ACTIVE_COMPILATION_CONDITIONS = DEBUG;
				SWIFT_OPTIMIZATION_LEVEL = "-Onone";
			};
			name = Debug;
		};
		0A6A41AA276E66180032F416 /* Release */ = {
			isa = XCBuildConfiguration;
			buildSettings = {
				ALWAYS_SEARCH_USER_PATHS = NO;
				CLANG_ANALYZER_NONNULL = YES;
				CLANG_ANALYZER_NUMBER_OBJECT_CONVERSION = YES_AGGRESSIVE;
				CLANG_CXX_LANGUAGE_STANDARD = "gnu++17";
				CLANG_CXX_LIBRARY = "libc++";
				CLANG_ENABLE_MODULES = YES;
				CLANG_ENABLE_OBJC_ARC = YES;
				CLANG_ENABLE_OBJC_WEAK = YES;
				CLANG_WARN_BLOCK_CAPTURE_AUTORELEASING = YES;
				CLANG_WARN_BOOL_CONVERSION = YES;
				CLANG_WARN_COMMA = YES;
				CLANG_WARN_CONSTANT_CONVERSION = YES;
				CLANG_WARN_DEPRECATED_OBJC_IMPLEMENTATIONS = YES;
				CLANG_WARN_DIRECT_OBJC_ISA_USAGE = YES_ERROR;
				CLANG_WARN_DOCUMENTATION_COMMENTS = YES;
				CLANG_WARN_EMPTY_BODY = YES;
				CLANG_WARN_ENUM_CONVERSION = YES;
				CLANG_WARN_INFINITE_RECURSION = YES;
				CLANG_WARN_INT_CONVERSION = YES;
				CLANG_WARN_NON_LITERAL_NULL_CONVERSION = YES;
				CLANG_WARN_OBJC_IMPLICIT_RETAIN_SELF = YES;
				CLANG_WARN_OBJC_LITERAL_CONVERSION = YES;
				CLANG_WARN_OBJC_ROOT_CLASS = YES_ERROR;
				CLANG_WARN_QUOTED_INCLUDE_IN_FRAMEWORK_HEADER = YES;
				CLANG_WARN_RANGE_LOOP_ANALYSIS = YES;
				CLANG_WARN_STRICT_PROTOTYPES = YES;
				CLANG_WARN_SUSPICIOUS_MOVE = YES;
				CLANG_WARN_UNGUARDED_AVAILABILITY = YES_AGGRESSIVE;
				CLANG_WARN_UNREACHABLE_CODE = YES;
				CLANG_WARN__DUPLICATE_METHOD_MATCH = YES;
				COPY_PHASE_STRIP = NO;
				DEBUG_INFORMATION_FORMAT = "dwarf-with-dsym";
				ENABLE_NS_ASSERTIONS = NO;
				ENABLE_STRICT_OBJC_MSGSEND = YES;
				GCC_C_LANGUAGE_STANDARD = gnu11;
				GCC_NO_COMMON_BLOCKS = YES;
				GCC_WARN_64_TO_32_BIT_CONVERSION = YES;
				GCC_WARN_ABOUT_RETURN_TYPE = YES_ERROR;
				GCC_WARN_UNDECLARED_SELECTOR = YES;
				GCC_WARN_UNINITIALIZED_AUTOS = YES_AGGRESSIVE;
				GCC_WARN_UNUSED_FUNCTION = YES;
				GCC_WARN_UNUSED_VARIABLE = YES;
				IPHONEOS_DEPLOYMENT_TARGET = 15.2;
				MTL_ENABLE_DEBUG_INFO = NO;
				MTL_FAST_MATH = YES;
				SDKROOT = iphoneos;
				SWIFT_COMPILATION_MODE = wholemodule;
				SWIFT_OPTIMIZATION_LEVEL = "-O";
				VALIDATE_PRODUCT = YES;
			};
			name = Release;
		};
		0A6A41AC276E66180032F416 /* Debug */ = {
			isa = XCBuildConfiguration;
			buildSettings = {
				ASSETCATALOG_COMPILER_APPICON_NAME = AppIcon;
				ASSETCATALOG_COMPILER_GLOBAL_ACCENT_COLOR_NAME = AccentColor;
				CODE_SIGN_STYLE = Automatic;
				CURRENT_PROJECT_VERSION = 1;
				DEVELOPMENT_TEAM = E5UVS9V6KW;
				GENERATE_INFOPLIST_FILE = YES;
				INFOPLIST_FILE = NFTFeed/Info.plist;
				INFOPLIST_KEY_UIApplicationSupportsIndirectInputEvents = YES;
				INFOPLIST_KEY_UILaunchStoryboardName = LaunchScreen;
				INFOPLIST_KEY_UIMainStoryboardFile = Main;
				INFOPLIST_KEY_UISupportedInterfaceOrientations_iPad = "UIInterfaceOrientationPortrait UIInterfaceOrientationPortraitUpsideDown UIInterfaceOrientationLandscapeLeft UIInterfaceOrientationLandscapeRight";
				INFOPLIST_KEY_UISupportedInterfaceOrientations_iPhone = "UIInterfaceOrientationPortrait UIInterfaceOrientationLandscapeLeft UIInterfaceOrientationLandscapeRight";
				LD_RUNPATH_SEARCH_PATHS = (
					"$(inherited)",
					"@executable_path/Frameworks",
				);
				MARKETING_VERSION = 1.0;
				PRODUCT_BUNDLE_IDENTIFIER = com.saygoodnight.NFTFeed;
				PRODUCT_NAME = "$(TARGET_NAME)";
				SWIFT_EMIT_LOC_STRINGS = YES;
				SWIFT_VERSION = 5.0;
				TARGETED_DEVICE_FAMILY = "1,2";
			};
			name = Debug;
		};
		0A6A41AD276E66180032F416 /* Release */ = {
			isa = XCBuildConfiguration;
			buildSettings = {
				ASSETCATALOG_COMPILER_APPICON_NAME = AppIcon;
				ASSETCATALOG_COMPILER_GLOBAL_ACCENT_COLOR_NAME = AccentColor;
				CODE_SIGN_STYLE = Automatic;
				CURRENT_PROJECT_VERSION = 1;
				DEVELOPMENT_TEAM = E5UVS9V6KW;
				GENERATE_INFOPLIST_FILE = YES;
				INFOPLIST_FILE = NFTFeed/Info.plist;
				INFOPLIST_KEY_UIApplicationSupportsIndirectInputEvents = YES;
				INFOPLIST_KEY_UILaunchStoryboardName = LaunchScreen;
				INFOPLIST_KEY_UIMainStoryboardFile = Main;
				INFOPLIST_KEY_UISupportedInterfaceOrientations_iPad = "UIInterfaceOrientationPortrait UIInterfaceOrientationPortraitUpsideDown UIInterfaceOrientationLandscapeLeft UIInterfaceOrientationLandscapeRight";
				INFOPLIST_KEY_UISupportedInterfaceOrientations_iPhone = "UIInterfaceOrientationPortrait UIInterfaceOrientationLandscapeLeft UIInterfaceOrientationLandscapeRight";
				LD_RUNPATH_SEARCH_PATHS = (
					"$(inherited)",
					"@executable_path/Frameworks",
				);
				MARKETING_VERSION = 1.0;
				PRODUCT_BUNDLE_IDENTIFIER = com.saygoodnight.NFTFeed;
				PRODUCT_NAME = "$(TARGET_NAME)";
				SWIFT_EMIT_LOC_STRINGS = YES;
				SWIFT_VERSION = 5.0;
				TARGETED_DEVICE_FAMILY = "1,2";
			};
			name = Release;
		};
		0A6A41AF276E66180032F416 /* Debug */ = {
			isa = XCBuildConfiguration;
			buildSettings = {
				ALWAYS_EMBED_SWIFT_STANDARD_LIBRARIES = YES;
				BUNDLE_LOADER = "$(TEST_HOST)";
				CODE_SIGN_STYLE = Automatic;
				CURRENT_PROJECT_VERSION = 1;
				DEVELOPMENT_TEAM = E5UVS9V6KW;
				GENERATE_INFOPLIST_FILE = YES;
				IPHONEOS_DEPLOYMENT_TARGET = 15.2;
				MARKETING_VERSION = 1.0;
				PRODUCT_BUNDLE_IDENTIFIER = com.saygoodnight.NFTFeedTests;
				PRODUCT_NAME = "$(TARGET_NAME)";
				SWIFT_EMIT_LOC_STRINGS = NO;
				SWIFT_VERSION = 5.0;
				TARGETED_DEVICE_FAMILY = "1,2";
				TEST_HOST = "$(BUILT_PRODUCTS_DIR)/NFTFeed.app/NFTFeed";
			};
			name = Debug;
		};
		0A6A41B0276E66180032F416 /* Release */ = {
			isa = XCBuildConfiguration;
			buildSettings = {
				ALWAYS_EMBED_SWIFT_STANDARD_LIBRARIES = YES;
				BUNDLE_LOADER = "$(TEST_HOST)";
				CODE_SIGN_STYLE = Automatic;
				CURRENT_PROJECT_VERSION = 1;
				DEVELOPMENT_TEAM = E5UVS9V6KW;
				GENERATE_INFOPLIST_FILE = YES;
				IPHONEOS_DEPLOYMENT_TARGET = 15.2;
				MARKETING_VERSION = 1.0;
				PRODUCT_BUNDLE_IDENTIFIER = com.saygoodnight.NFTFeedTests;
				PRODUCT_NAME = "$(TARGET_NAME)";
				SWIFT_EMIT_LOC_STRINGS = NO;
				SWIFT_VERSION = 5.0;
				TARGETED_DEVICE_FAMILY = "1,2";
				TEST_HOST = "$(BUILT_PRODUCTS_DIR)/NFTFeed.app/NFTFeed";
			};
			name = Release;
		};
		0A6A41B2276E66180032F416 /* Debug */ = {
			isa = XCBuildConfiguration;
			buildSettings = {
				ALWAYS_EMBED_SWIFT_STANDARD_LIBRARIES = YES;
				CODE_SIGN_STYLE = Automatic;
				CURRENT_PROJECT_VERSION = 1;
				DEVELOPMENT_TEAM = E5UVS9V6KW;
				GENERATE_INFOPLIST_FILE = YES;
				MARKETING_VERSION = 1.0;
				PRODUCT_BUNDLE_IDENTIFIER = com.saygoodnight.NFTFeedUITests;
				PRODUCT_NAME = "$(TARGET_NAME)";
				SWIFT_EMIT_LOC_STRINGS = NO;
				SWIFT_VERSION = 5.0;
				TARGETED_DEVICE_FAMILY = "1,2";
				TEST_TARGET_NAME = NFTFeed;
			};
			name = Debug;
		};
		0A6A41B3276E66180032F416 /* Release */ = {
			isa = XCBuildConfiguration;
			buildSettings = {
				ALWAYS_EMBED_SWIFT_STANDARD_LIBRARIES = YES;
				CODE_SIGN_STYLE = Automatic;
				CURRENT_PROJECT_VERSION = 1;
				DEVELOPMENT_TEAM = E5UVS9V6KW;
				GENERATE_INFOPLIST_FILE = YES;
				MARKETING_VERSION = 1.0;
				PRODUCT_BUNDLE_IDENTIFIER = com.saygoodnight.NFTFeedUITests;
				PRODUCT_NAME = "$(TARGET_NAME)";
				SWIFT_EMIT_LOC_STRINGS = NO;
				SWIFT_VERSION = 5.0;
				TARGETED_DEVICE_FAMILY = "1,2";
				TEST_TARGET_NAME = NFTFeed;
			};
			name = Release;
		};
/* End XCBuildConfiguration section */

/* Begin XCConfigurationList section */
		0A6A417C276E66160032F416 /* Build configuration list for PBXProject "NFTFeed" */ = {
			isa = XCConfigurationList;
			buildConfigurations = (
				0A6A41A9276E66180032F416 /* Debug */,
				0A6A41AA276E66180032F416 /* Release */,
			);
			defaultConfigurationIsVisible = 0;
			defaultConfigurationName = Release;
		};
		0A6A41AB276E66180032F416 /* Build configuration list for PBXNativeTarget "NFTFeed" */ = {
			isa = XCConfigurationList;
			buildConfigurations = (
				0A6A41AC276E66180032F416 /* Debug */,
				0A6A41AD276E66180032F416 /* Release */,
			);
			defaultConfigurationIsVisible = 0;
			defaultConfigurationName = Release;
		};
		0A6A41AE276E66180032F416 /* Build configuration list for PBXNativeTarget "NFTFeedTests" */ = {
			isa = XCConfigurationList;
			buildConfigurations = (
				0A6A41AF276E66180032F416 /* Debug */,
				0A6A41B0276E66180032F416 /* Release */,
			);
			defaultConfigurationIsVisible = 0;
			defaultConfigurationName = Release;
		};
		0A6A41B1276E66180032F416 /* Build configuration list for PBXNativeTarget "NFTFeedUITests" */ = {
			isa = XCConfigurationList;
			buildConfigurations = (
				0A6A41B2276E66180032F416 /* Debug */,
				0A6A41B3276E66180032F416 /* Release */,
			);
			defaultConfigurationIsVisible = 0;
			defaultConfigurationName = Release;
		};
/* End XCConfigurationList section */
	};
	rootObject = 0A6A4179276E66160032F416 /* Project object */;
}
